
Microsoft Visual Studio Solution File, Format Version 12.00
# Visual Studio Version 17
VisualStudioVersion = 17.0.31919.166
MinimumVisualStudioVersion = 10.0.40219.1
Project("{FAE04EC0-301F-11D3-BF4B-00C04F79EFBC}") = "blobtrigervini", "blobtrigervini\blobtrigervini.csproj", "{6E3AEAE2-73FC-4A33-ACE6-21AC1DA3A803}"
EndProject
Global
	GlobalSection(SolutionConfigurationPlatforms) = preSolution
		Debug|Any CPU = Debug|Any CPU
		Release|Any CPU = Release|Any CPU
	EndGlobalSection
	GlobalSection(ProjectConfigurationPlatforms) = postSolution
		{6E3AEAE2-73FC-4A33-ACE6-21AC1DA3A803}.Debug|Any CPU.ActiveCfg = Debug|Any CPU
		{6E3AEAE2-73FC-4A33-ACE6-21AC1DA3A803}.Debug|Any CPU.Build.0 = Debug|Any CPU
		{6E3AEAE2-73FC-4A33-ACE6-21AC1DA3A803}.Release|Any CPU.ActiveCfg = Release|Any CPU
		{6E3AEAE2-73FC-4A33-ACE6-21AC1DA3A803}.Release|Any CPU.Build.0 = Release|Any CPU
	EndGlobalSection
	GlobalSection(SolutionProperties) = preSolution
		HideSolutionNode = FALSE
	EndGlobalSection
	GlobalSection(ExtensibilityGlobals) = postSolution
		SolutionGuid = {B3B97E83-196D-4514-9313-DCAB3330A626}
	EndGlobalSection
EndGlobal
