
Microsoft Visual Studio Solution File, Format Version 12.00
# Visual Studio Version 17
VisualStudioVersion = 17.0.31919.166
MinimumVisualStudioVersion = 10.0.40219.1
Project("{FAE04EC0-301F-11D3-BF4B-00C04F79EFBC}") = "WebApplication12", "WebApplication12\WebApplication12.csproj", "{4040E567-117B-48C7-A36D-BD3C6128D4AA}"
EndProject
Global
	GlobalSection(SolutionConfigurationPlatforms) = preSolution
		Debug|Any CPU = Debug|Any CPU
		Release|Any CPU = Release|Any CPU
	EndGlobalSection
	GlobalSection(ProjectConfigurationPlatforms) = postSolution
		{4040E567-117B-48C7-A36D-BD3C6128D4AA}.Debug|Any CPU.ActiveCfg = Debug|Any CPU
		{4040E567-117B-48C7-A36D-BD3C6128D4AA}.Debug|Any CPU.Build.0 = Debug|Any CPU
		{4040E567-117B-48C7-A36D-BD3C6128D4AA}.Release|Any CPU.ActiveCfg = Release|Any CPU
		{4040E567-117B-48C7-A36D-BD3C6128D4AA}.Release|Any CPU.Build.0 = Release|Any CPU
	EndGlobalSection
	GlobalSection(SolutionProperties) = preSolution
		HideSolutionNode = FALSE
	EndGlobalSection
	GlobalSection(ExtensibilityGlobals) = postSolution
		SolutionGuid = {05AECCB7-96F4-42E2-84F2-3FD8AFEEC172}
	EndGlobalSection
EndGlobal
