
Microsoft Visual Studio Solution File, Format Version 12.00
# Visual Studio Version 17
VisualStudioVersion = 17.0.31919.166
MinimumVisualStudioVersion = 10.0.40219.1
Project("{FAE04EC0-301F-11D3-BF4B-00C04F79EFBC}") = "keyvalut", "keyvalut\keyvalut.csproj", "{FE4D73B8-6627-4B67-A370-3B1A30AE6F26}"
EndProject
Global
	GlobalSection(SolutionConfigurationPlatforms) = preSolution
		Debug|Any CPU = Debug|Any CPU
		Release|Any CPU = Release|Any CPU
	EndGlobalSection
	GlobalSection(ProjectConfigurationPlatforms) = postSolution
		{FE4D73B8-6627-4B67-A370-3B1A30AE6F26}.Debug|Any CPU.ActiveCfg = Debug|Any CPU
		{FE4D73B8-6627-4B67-A370-3B1A30AE6F26}.Debug|Any CPU.Build.0 = Debug|Any CPU
		{FE4D73B8-6627-4B67-A370-3B1A30AE6F26}.Release|Any CPU.ActiveCfg = Release|Any CPU
		{FE4D73B8-6627-4B67-A370-3B1A30AE6F26}.Release|Any CPU.Build.0 = Release|Any CPU
	EndGlobalSection
	GlobalSection(SolutionProperties) = preSolution
		HideSolutionNode = FALSE
	EndGlobalSection
	GlobalSection(ExtensibilityGlobals) = postSolution
		SolutionGuid = {0E04E874-A7A3-426B-911D-1B342E2F1408}
	EndGlobalSection
EndGlobal
