
Microsoft Visual Studio Solution File, Format Version 12.00
# Visual Studio Version 17
VisualStudioVersion = 17.0.31919.166
MinimumVisualStudioVersion = 10.0.40219.1
Project("{FAE04EC0-301F-11D3-BF4B-00C04F79EFBC}") = "Timmertigger", "Timmertigger\Timmertigger.csproj", "{4ED126EA-4671-40B8-BA10-B0A083AFB54E}"
EndProject
Global
	GlobalSection(SolutionConfigurationPlatforms) = preSolution
		Debug|Any CPU = Debug|Any CPU
		Release|Any CPU = Release|Any CPU
	EndGlobalSection
	GlobalSection(ProjectConfigurationPlatforms) = postSolution
		{4ED126EA-4671-40B8-BA10-B0A083AFB54E}.Debug|Any CPU.ActiveCfg = Debug|Any CPU
		{4ED126EA-4671-40B8-BA10-B0A083AFB54E}.Debug|Any CPU.Build.0 = Debug|Any CPU
		{4ED126EA-4671-40B8-BA10-B0A083AFB54E}.Release|Any CPU.ActiveCfg = Release|Any CPU
		{4ED126EA-4671-40B8-BA10-B0A083AFB54E}.Release|Any CPU.Build.0 = Release|Any CPU
	EndGlobalSection
	GlobalSection(SolutionProperties) = preSolution
		HideSolutionNode = FALSE
	EndGlobalSection
	GlobalSection(ExtensibilityGlobals) = postSolution
		SolutionGuid = {DAEE90A3-3733-4197-A629-B4123D689D65}
	EndGlobalSection
EndGlobal
