
Microsoft Visual Studio Solution File, Format Version 12.00
# Visual Studio Version 17
VisualStudioVersion = 17.0.31919.166
MinimumVisualStudioVersion = 10.0.40219.1
Project("{FAE04EC0-301F-11D3-BF4B-00C04F79EFBC}") = "WebApplication5", "WebApplication5\WebApplication5.csproj", "{8085A690-AD3A-4D07-8EA3-F1C0A635FF29}"
EndProject
Global
	GlobalSection(SolutionConfigurationPlatforms) = preSolution
		Debug|Any CPU = Debug|Any CPU
		Release|Any CPU = Release|Any CPU
	EndGlobalSection
	GlobalSection(ProjectConfigurationPlatforms) = postSolution
		{8085A690-AD3A-4D07-8EA3-F1C0A635FF29}.Debug|Any CPU.ActiveCfg = Debug|Any CPU
		{8085A690-AD3A-4D07-8EA3-F1C0A635FF29}.Debug|Any CPU.Build.0 = Debug|Any CPU
		{8085A690-AD3A-4D07-8EA3-F1C0A635FF29}.Release|Any CPU.ActiveCfg = Release|Any CPU
		{8085A690-AD3A-4D07-8EA3-F1C0A635FF29}.Release|Any CPU.Build.0 = Release|Any CPU
	EndGlobalSection
	GlobalSection(SolutionProperties) = preSolution
		HideSolutionNode = FALSE
	EndGlobalSection
	GlobalSection(ExtensibilityGlobals) = postSolution
		SolutionGuid = {88C01351-80E9-4A4A-AF59-C12466F93F04}
	EndGlobalSection
EndGlobal
